
Microsoft Visual Studio Solution File, Format Version 12.00
# Visual Studio Version 17
VisualStudioVersion = 17.8.34330.188
MinimumVisualStudioVersion = 10.0.40219.1
Project("{FAE04EC0-301F-11D3-BF4B-00C04F79EFBC}") = "ShoppingPage.Web", "ShoppingPage.Web\ShoppingPage.Web.csproj", "{9BF3D6CC-5621-4E8D-AFAC-9D36E613EB3A}"
EndProject
Project("{FAE04EC0-301F-11D3-BF4B-00C04F79EFBC}") = "Shop.Api", "Shop.Api\Shop.Api.csproj", "{642F04ED-B8E8-4045-BE1B-4F086AB54627}"
EndProject
Global
	GlobalSection(SolutionConfigurationPlatforms) = preSolution
		Debug|Any CPU = Debug|Any CPU
		Release|Any CPU = Release|Any CPU
	EndGlobalSection
	GlobalSection(ProjectConfigurationPlatforms) = postSolution
		{9BF3D6CC-5621-4E8D-AFAC-9D36E613EB3A}.Debug|Any CPU.ActiveCfg = Debug|Any CPU
		{9BF3D6CC-5621-4E8D-AFAC-9D36E613EB3A}.Debug|Any CPU.Build.0 = Debug|Any CPU
		{9BF3D6CC-5621-4E8D-AFAC-9D36E613EB3A}.Release|Any CPU.ActiveCfg = Release|Any CPU
		{9BF3D6CC-5621-4E8D-AFAC-9D36E613EB3A}.Release|Any CPU.Build.0 = Release|Any CPU
		{642F04ED-B8E8-4045-BE1B-4F086AB54627}.Debug|Any CPU.ActiveCfg = Debug|Any CPU
		{642F04ED-B8E8-4045-BE1B-4F086AB54627}.Debug|Any CPU.Build.0 = Debug|Any CPU
		{642F04ED-B8E8-4045-BE1B-4F086AB54627}.Release|Any CPU.ActiveCfg = Release|Any CPU
		{642F04ED-B8E8-4045-BE1B-4F086AB54627}.Release|Any CPU.Build.0 = Release|Any CPU
	EndGlobalSection
	GlobalSection(SolutionProperties) = preSolution
		HideSolutionNode = FALSE
	EndGlobalSection
	GlobalSection(ExtensibilityGlobals) = postSolution
		SolutionGuid = {02923130-FBA1-45F9-AA13-353F92243579}
	EndGlobalSection
EndGlobal
